{
  "nodes": {
    "nixpkgs": {
      "locked": {
        "lastModified": 1696419054,
        "narHash": "sha256-EdR+dIKCfqL3voZUDYwcvgRDOektQB9KbhBVcE0/3Mo=",
        "owner": "NixOS",
        "repo": "nixpkgs",
        "rev": "7131f3c223a2d799568e4b278380cd9dac2b8579",
        "type": "github"
      },
      "original": {
        "owner": "NixOS",
        "ref": "nixpkgs-unstable",
        "repo": "nixpkgs",
        "type": "github"
      }
    },
    "nixpkgs_2": {
      "locked": {
        "lastModified": 1695644571,
        "narHash": "sha256-asS9dCCdlt1lPq0DLwkVBbVoEKuEuz+Zi3DG7pR/RxA=",
        "owner": "nixos",
        "repo": "nixpkgs",
        "rev": "6500b4580c2a1f3d0f980d32d285739d8e156d92",
        "type": "github"
      },
      "original": {
        "owner": "nixos",
        "ref": "nixos-unstable",
        "repo": "nixpkgs",
        "type": "github"
      }
    },
    "root": {
      "inputs": {
        "nixpkgs": "nixpkgs",
        "systems": "systems",
        "treefmt-nix": "treefmt-nix",
        "utils": "utils"
      }
    },
    "systems": {
      "locked": {
        "lastModified": 1681028828,
        "narHash": "sha256-Vy1rq5AaRuLzOxct8nz4T6wlgyUR7zLU309k9mBC768=",
        "path": "/nix/store/yj1wxm9hh8610iyzqnz75kvs6xl8j3my-source",
        "rev": "da67096a3b9bf56a91d16901293e51ba5b49a27e",
        "type": "path"
      },
      "original": {
        "id": "systems",
        "type": "indirect"
      }
    },
    "systems_2": {
      "locked": {
        "lastModified": 1681028828,
        "narHash": "sha256-Vy1rq5AaRuLzOxct8nz4T6wlgyUR7zLU309k9mBC768=",
        "owner": "nix-systems",
        "repo": "default",
        "rev": "da67096a3b9bf56a91d16901293e51ba5b49a27e",
        "type": "github"
      },
      "original": {
        "owner": "nix-systems",
        "repo": "default",
        "type": "github"
      }
    },
    "treefmt-nix": {
      "inputs": {
        "nixpkgs": "nixpkgs_2"
      },
      "locked": {
        "lastModified": 1695822946,
        "narHash": "sha256-IQU3fYo0H+oGlqX5YrgZU3VRhbt2Oqe6KmslQKUO4II=",
        "owner": "numtide",
        "repo": "treefmt-nix",
        "rev": "720bd006d855b08e60664e4683ccddb7a9ff614a",
        "type": "github"
      },
      "original": {
        "owner": "numtide",
        "repo": "treefmt-nix",
        "type": "github"
      }
    },
    "utils": {
      "inputs": {
        "systems": "systems_2"
      },
      "locked": {
        "lastModified": 1694529238,
        "narHash": "sha256-zsNZZGTGnMOf9YpHKJqMSsa0dXbfmxeoJ7xHlrt+xmY=",
        "owner": "numtide",
        "repo": "flake-utils",
        "rev": "ff7b65b44d01cf9ba6a71320833626af21126384",
        "type": "github"
      },
      "original": {
        "owner": "numtide",
        "repo": "flake-utils",
        "type": "github"
      }
    }
  },
  "root": "root",
  "version": 7
}
